# This file is generated by running "yarn install" inside your project.
# Manual changes might be lost - proceed with caution!

__metadata:
  version: 6
  cacheKey: 8

"@bug-catch/react-native@workspace:.":
  version: 0.0.0-use.local
  resolution: "@bug-catch/react-native@workspace:."
  dependencies:
    "@types/node": ^20.4.8
    "@types/react-native": ^0.72.2
    expo-device: ^5.4.0
    react-native-exception-handler: ^2.10.10
    typescript: ^5.1.6
  peerDependencies:
    expo: "*"
    expo-modules-core: "*"
    react: "*"
    react-native: "*"
  languageName: unknown
  linkType: soft

"@react-native/virtualized-lists@npm:^0.72.4":
  version: 0.72.6
  resolution: "@react-native/virtualized-lists@npm:0.72.6"
  dependencies:
    invariant: ^2.2.4
    nullthrows: ^1.1.1
  peerDependencies:
    react-native: "*"
  checksum: e9e0c0f75607e699bf79742ca98128698e27a0c05fe01e735876b444020e7578858ee6267e6913a7cad7aafb5d2bc25feeefda051ec3d178e6d2cd65b318b6f5
  languageName: node
  linkType: hard

"@types/node@npm:^20.4.8":
  version: 20.4.8
  resolution: "@types/node@npm:20.4.8"
  checksum: 86a3963c0c7af3410553d1dfa4b018a20b3cb3ab4d8e8ffe27408b6338c5de0374b0bf379bc705da2205b466daa751ccfe062f453ba9bde34fdb0e5163ca6a68
  languageName: node
  linkType: hard

"@types/prop-types@npm:*":
  version: 15.7.5
  resolution: "@types/prop-types@npm:15.7.5"
  checksum: 5b43b8b15415e1f298243165f1d44390403bb2bd42e662bca3b5b5633fdd39c938e91b7fce3a9483699db0f7a715d08cef220c121f723a634972fdf596aec980
  languageName: node
  linkType: hard

"@types/react-native@npm:^0.72.2":
  version: 0.72.2
  resolution: "@types/react-native@npm:0.72.2"
  dependencies:
    "@react-native/virtualized-lists": ^0.72.4
    "@types/react": "*"
  checksum: b2915594381365ea379cb46b9a65219c6b6c7446d97d15f4da9615b8f180972bacba7cae584f4a8f83cce3a180f8a9a08a9c6b57081b37e2543f23f5717693d4
  languageName: node
  linkType: hard

"@types/react@npm:*":
  version: 18.2.19
  resolution: "@types/react@npm:18.2.19"
  dependencies:
    "@types/prop-types": "*"
    "@types/scheduler": "*"
    csstype: ^3.0.2
  checksum: 1ef657b90c7413451bbac2fd2fbce4f8a093941bc5041d344ab9833bc113c8eebf6318dae8aeeb1a0f922f15bc772507e6aaa0c7b51847b5f7302921c8dd6740
  languageName: node
  linkType: hard

"@types/scheduler@npm:*":
  version: 0.16.3
  resolution: "@types/scheduler@npm:0.16.3"
  checksum: 2b0aec39c24268e3ce938c5db2f2e77f5c3dd280e05c262d9c2fe7d890929e4632a6b8e94334017b66b45e4f92a5aa42ba3356640c2a1175fa37bef2f5200767
  languageName: node
  linkType: hard

"csstype@npm:^3.0.2":
  version: 3.1.2
  resolution: "csstype@npm:3.1.2"
  checksum: e1a52e6c25c1314d6beef5168da704ab29c5186b877c07d822bd0806717d9a265e8493a2e35ca7e68d0f5d472d43fac1cdce70fd79fd0853dff81f3028d857b5
  languageName: node
  linkType: hard

"expo-device@npm:^5.4.0":
  version: 5.5.0
  resolution: "expo-device@npm:5.5.0"
  dependencies:
    ua-parser-js: ^0.7.33
  peerDependencies:
    expo: "*"
  checksum: 3fa618e8f496f3a1430ea7502c5c34e10dedb29ec5c4177dd2fe4ca2df144b40c6b2b19e93483b6ef57c67af8d6f3c9ba53f1eb524978b0fc7d7d4f61364ffad
  languageName: node
  linkType: hard

"invariant@npm:^2.2.4":
  version: 2.2.4
  resolution: "invariant@npm:2.2.4"
  dependencies:
    loose-envify: ^1.0.0
  checksum: cc3182d793aad82a8d1f0af697b462939cb46066ec48bbf1707c150ad5fad6406137e91a262022c269702e01621f35ef60269f6c0d7fd178487959809acdfb14
  languageName: node
  linkType: hard

"js-tokens@npm:^3.0.0 || ^4.0.0":
  version: 4.0.0
  resolution: "js-tokens@npm:4.0.0"
  checksum: 8a95213a5a77deb6cbe94d86340e8d9ace2b93bc367790b260101d2f36a2eaf4e4e22d9fa9cf459b38af3a32fb4190e638024cf82ec95ef708680e405ea7cc78
  languageName: node
  linkType: hard

"loose-envify@npm:^1.0.0":
  version: 1.4.0
  resolution: "loose-envify@npm:1.4.0"
  dependencies:
    js-tokens: ^3.0.0 || ^4.0.0
  bin:
    loose-envify: cli.js
  checksum: 6517e24e0cad87ec9888f500c5b5947032cdfe6ef65e1c1936a0c48a524b81e65542c9c3edc91c97d5bddc806ee2a985dbc79be89215d613b1de5db6d1cfe6f4
  languageName: node
  linkType: hard

"nullthrows@npm:^1.1.1":
  version: 1.1.1
  resolution: "nullthrows@npm:1.1.1"
  checksum: 10806b92121253eb1b08ecf707d92480f5331ba8ae5b23fa3eb0548ad24196eb797ed47606153006568a5733ea9e528a3579f21421f7828e09e7756f4bdd386f
  languageName: node
  linkType: hard

"react-native-exception-handler@npm:^2.10.10":
  version: 2.10.10
  resolution: "react-native-exception-handler@npm:2.10.10"
  peerDependencies:
    react: "*"
    react-native: "*"
  checksum: 4b47833461147c05c7278a4fe6d9be56c4592f3d5976cabe542e1d042af23b275829f3cfc7f7b9f8b08704d0eef6d30a340c027e8bd2158a3474556994ba5425
  languageName: node
  linkType: hard

"typescript@npm:^5.1.6":
  version: 5.1.6
  resolution: "typescript@npm:5.1.6"
  bin:
    tsc: bin/tsc
    tsserver: bin/tsserver
  checksum: b2f2c35096035fe1f5facd1e38922ccb8558996331405eb00a5111cc948b2e733163cc22fab5db46992aba7dd520fff637f2c1df4996ff0e134e77d3249a7350
  languageName: node
  linkType: hard

"typescript@patch:typescript@^5.1.6#~builtin<compat/typescript>":
  version: 5.1.6
  resolution: "typescript@patch:typescript@npm%3A5.1.6#~builtin<compat/typescript>::version=5.1.6&hash=5da071"
  bin:
    tsc: bin/tsc
    tsserver: bin/tsserver
  checksum: f53bfe97f7c8b2b6d23cf572750d4e7d1e0c5fff1c36d859d0ec84556a827b8785077bc27676bf7e71fae538e517c3ecc0f37e7f593be913d884805d931bc8be
  languageName: node
  linkType: hard

"ua-parser-js@npm:^0.7.33":
  version: 0.7.35
  resolution: "ua-parser-js@npm:0.7.35"
  checksum: 0a332e8d72d277e62f29ecb3a33843b274de93eb9378350b746ea0f89ef05ee09c94f2c1fdab8001373ad5e95a48beb0a94f39dc1670c908db9fc9b8f0876204
  languageName: node
  linkType: hard
