# This file is generated by running "yarn install" inside your project.
# Manual changes might be lost - proceed with caution!

__metadata:
  version: 6
  cacheKey: 8

"@bug-catch/react-native@workspace:.":
  version: 0.0.0-use.local
  resolution: "@bug-catch/react-native@workspace:."
  dependencies:
    "@types/node": ^20.4.8
    expo-device: ^5.4.0
    react-native-exception-handler: ^2.10.10
    typescript: ^5.1.6
  peerDependencies:
    expo: "*"
    expo-modules-core: "*"
    react: "*"
    react-native: "*"
  languageName: unknown
  linkType: soft

"@types/node@npm:^20.4.8":
  version: 20.4.8
  resolution: "@types/node@npm:20.4.8"
  checksum: 86a3963c0c7af3410553d1dfa4b018a20b3cb3ab4d8e8ffe27408b6338c5de0374b0bf379bc705da2205b466daa751ccfe062f453ba9bde34fdb0e5163ca6a68
  languageName: node
  linkType: hard

"expo-device@npm:^5.4.0":
  version: 5.5.0
  resolution: "expo-device@npm:5.5.0"
  dependencies:
    ua-parser-js: ^0.7.33
  peerDependencies:
    expo: "*"
  checksum: 3fa618e8f496f3a1430ea7502c5c34e10dedb29ec5c4177dd2fe4ca2df144b40c6b2b19e93483b6ef57c67af8d6f3c9ba53f1eb524978b0fc7d7d4f61364ffad
  languageName: node
  linkType: hard

"react-native-exception-handler@npm:^2.10.10":
  version: 2.10.10
  resolution: "react-native-exception-handler@npm:2.10.10"
  peerDependencies:
    react: "*"
    react-native: "*"
  checksum: 4b47833461147c05c7278a4fe6d9be56c4592f3d5976cabe542e1d042af23b275829f3cfc7f7b9f8b08704d0eef6d30a340c027e8bd2158a3474556994ba5425
  languageName: node
  linkType: hard

"typescript@npm:^5.1.6":
  version: 5.1.6
  resolution: "typescript@npm:5.1.6"
  bin:
    tsc: bin/tsc
    tsserver: bin/tsserver
  checksum: b2f2c35096035fe1f5facd1e38922ccb8558996331405eb00a5111cc948b2e733163cc22fab5db46992aba7dd520fff637f2c1df4996ff0e134e77d3249a7350
  languageName: node
  linkType: hard

"typescript@patch:typescript@^5.1.6#~builtin<compat/typescript>":
  version: 5.1.6
  resolution: "typescript@patch:typescript@npm%3A5.1.6#~builtin<compat/typescript>::version=5.1.6&hash=5da071"
  bin:
    tsc: bin/tsc
    tsserver: bin/tsserver
  checksum: f53bfe97f7c8b2b6d23cf572750d4e7d1e0c5fff1c36d859d0ec84556a827b8785077bc27676bf7e71fae538e517c3ecc0f37e7f593be913d884805d931bc8be
  languageName: node
  linkType: hard

"ua-parser-js@npm:^0.7.33":
  version: 0.7.35
  resolution: "ua-parser-js@npm:0.7.35"
  checksum: 0a332e8d72d277e62f29ecb3a33843b274de93eb9378350b746ea0f89ef05ee09c94f2c1fdab8001373ad5e95a48beb0a94f39dc1670c908db9fc9b8f0876204
  languageName: node
  linkType: hard
